{
  "version": 4,
  "terraform_version": "1.11.4",
  "serial": 3,
  "lineage": "9fa3937d-c457-0cba-ba1f-ba6a283efc20",
  "outputs": {},
  "resources": [
    {
      "mode": "managed",
      "type": "aws_security_group",
      "name": "example",
      "provider": "provider[\"registry.terraform.io/hashicorp/aws\"]",
      "instances": [
        {
          "schema_version": 1,
          "attributes": {
            "arn": "arn:aws:ec2:us-west-2:507250483285:security-group/sg-02ad8dcd4228485e9",
            "description": "managed by terraform",
            "egress": [],
            "id": "sg-02ad8dcd4228485e9",
            "ingress": [],
            "name": "terraform-firewall",
            "name_prefix": "",
            "owner_id": "507250483285",
            "revoke_rules_on_delete": false,
            "tags": {
              "Name": "example"
            },
            "tags_all": {
              "Name": "example"
            },
            "timeouts": null,
            "vpc_id": "vpc-095f761a169c10b8e"
          },
          "sensitive_attributes": [],
          "private": "eyJlMmJmYjczMC1lY2FhLTExZTYtOGY4OC0zNDM2M2JjN2M0YzAiOnsiY3JlYXRlIjo2MDAwMDAwMDAwMDAsImRlbGV0ZSI6OTAwMDAwMDAwMDAwfSwic2NoZW1hX3ZlcnNpb24iOiIxIn0="
        }
      ]
    }
  ],
  "check_results": null
}
